
Microsoft Visual Studio Solution File, Format Version 12.00
# Visual Studio Version 17
VisualStudioVersion = 17.12.35707.178
MinimumVisualStudioVersion = 10.0.40219.1
Project("{FAE04EC0-301F-11D3-BF4B-00C04F79EFBC}") = "MonitorResetTool", "MonitorResetTool\MonitorResetTool.csproj", "{03D3990F-C445-4204-8175-ECA86F3555C0}"
	ProjectSection(ProjectDependencies) = postProject
		{D5C0834C-2395-4118-A214-55A145CA37C0} = {D5C0834C-2395-4118-A214-55A145CA37C0}
	EndProjectSection
EndProject
Project("{8BC9CEB8-8B4A-11D0-8D11-00A0C91BC942}") = "hdr", "hdr\hdr.vcxproj", "{D5C0834C-2395-4118-A214-55A145CA37C0}"
EndProject
Global
	GlobalSection(SolutionConfigurationPlatforms) = preSolution
		Debug|Any CPU = Debug|Any CPU
		Debug|x64 = Debug|x64
		Debug|x86 = Debug|x86
		Release|Any CPU = Release|Any CPU
		Release|x64 = Release|x64
		Release|x86 = Release|x86
	EndGlobalSection
	GlobalSection(ProjectConfigurationPlatforms) = postSolution
		{03D3990F-C445-4204-8175-ECA86F3555C0}.Debug|Any CPU.ActiveCfg = Debug|Any CPU
		{03D3990F-C445-4204-8175-ECA86F3555C0}.Debug|Any CPU.Build.0 = Debug|Any CPU
		{03D3990F-C445-4204-8175-ECA86F3555C0}.Debug|x64.ActiveCfg = Debug|Any CPU
		{03D3990F-C445-4204-8175-ECA86F3555C0}.Debug|x64.Build.0 = Debug|Any CPU
		{03D3990F-C445-4204-8175-ECA86F3555C0}.Debug|x86.ActiveCfg = Debug|Any CPU
		{03D3990F-C445-4204-8175-ECA86F3555C0}.Debug|x86.Build.0 = Debug|Any CPU
		{03D3990F-C445-4204-8175-ECA86F3555C0}.Release|Any CPU.ActiveCfg = Release|Any CPU
		{03D3990F-C445-4204-8175-ECA86F3555C0}.Release|Any CPU.Build.0 = Release|Any CPU
		{03D3990F-C445-4204-8175-ECA86F3555C0}.Release|x64.ActiveCfg = Release|Any CPU
		{03D3990F-C445-4204-8175-ECA86F3555C0}.Release|x64.Build.0 = Release|Any CPU
		{03D3990F-C445-4204-8175-ECA86F3555C0}.Release|x86.ActiveCfg = Release|Any CPU
		{03D3990F-C445-4204-8175-ECA86F3555C0}.Release|x86.Build.0 = Release|Any CPU
		{D5C0834C-2395-4118-A214-55A145CA37C0}.Debug|Any CPU.ActiveCfg = Debug|x64
		{D5C0834C-2395-4118-A214-55A145CA37C0}.Debug|Any CPU.Build.0 = Debug|x64
		{D5C0834C-2395-4118-A214-55A145CA37C0}.Debug|x64.ActiveCfg = Debug|x64
		{D5C0834C-2395-4118-A214-55A145CA37C0}.Debug|x64.Build.0 = Debug|x64
		{D5C0834C-2395-4118-A214-55A145CA37C0}.Debug|x86.ActiveCfg = Debug|Win32
		{D5C0834C-2395-4118-A214-55A145CA37C0}.Debug|x86.Build.0 = Debug|Win32
		{D5C0834C-2395-4118-A214-55A145CA37C0}.Release|Any CPU.ActiveCfg = Release|x64
		{D5C0834C-2395-4118-A214-55A145CA37C0}.Release|Any CPU.Build.0 = Release|x64
		{D5C0834C-2395-4118-A214-55A145CA37C0}.Release|x64.ActiveCfg = Release|x64
		{D5C0834C-2395-4118-A214-55A145CA37C0}.Release|x64.Build.0 = Release|x64
		{D5C0834C-2395-4118-A214-55A145CA37C0}.Release|x86.ActiveCfg = Release|Win32
		{D5C0834C-2395-4118-A214-55A145CA37C0}.Release|x86.Build.0 = Release|Win32
	EndGlobalSection
	GlobalSection(SolutionProperties) = preSolution
		HideSolutionNode = FALSE
	EndGlobalSection
EndGlobal
